
Microsoft Visual Studio Solution File, Format Version 12.00
# Visual Studio 15
VisualStudioVersion = 15.0.28306.52
MinimumVisualStudioVersion = 10.0.40219.1
Project("{FAE04EC0-301F-11D3-BF4B-00C04F79EFBC}") = "ST_Cursach", "ST_Cursach.csproj", "{CACEE41C-4C49-4EC8-98B9-1819B0FCEF82}"
EndProject
Global
	GlobalSection(SolutionConfigurationPlatforms) = preSolution
		Debug|Any CPU = Debug|Any CPU
		Release|Any CPU = Release|Any CPU
	EndGlobalSection
	GlobalSection(ProjectConfigurationPlatforms) = postSolution
		{CACEE41C-4C49-4EC8-98B9-1819B0FCEF82}.Debug|Any CPU.ActiveCfg = Debug|Any CPU
		{CACEE41C-4C49-4EC8-98B9-1819B0FCEF82}.Debug|Any CPU.Build.0 = Debug|Any CPU
		{CACEE41C-4C49-4EC8-98B9-1819B0FCEF82}.Release|Any CPU.ActiveCfg = Release|Any CPU
		{CACEE41C-4C49-4EC8-98B9-1819B0FCEF82}.Release|Any CPU.Build.0 = Release|Any CPU
	EndGlobalSection
	GlobalSection(SolutionProperties) = preSolution
		HideSolutionNode = FALSE
	EndGlobalSection
	GlobalSection(ExtensibilityGlobals) = postSolution
		SolutionGuid = {6E1B8946-F256-4CFA-BA95-6487FDD6A81B}
	EndGlobalSection
EndGlobal
